// !$*UTF8*$!
{
	archiveVersion = 1;
	classes = {
	};
	objectVersion = 56;
	objects = {

/* Begin PBXBuildFile section */
		214ABC9C299D986A0083D125 /* Erdos_Technologies_InterviewApp.swift in Sources */ = {isa = PBXBuildFile; fileRef = 214ABC9B299D986A0083D125 /* Erdos_Technologies_InterviewApp.swift */; };
		214ABC9E299D986A0083D125 /* ContentView.swift in Sources */ = {isa = PBXBuildFile; fileRef = 214ABC9D299D986A0083D125 /* ContentView.swift */; };
		214ABCA0299D986C0083D125 /* Assets.xcassets in Resources */ = {isa = PBXBuildFile; fileRef = 214ABC9F299D986C0083D125 /* Assets.xcassets */; };
		214ABCA3299D986C0083D125 /* Preview Assets.xcassets in Resources */ = {isa = PBXBuildFile; fileRef = 214ABCA2299D986C0083D125 /* Preview Assets.xcassets */; };
		214ABCAA299D989C0083D125 /* LoginScreen.swift in Sources */ = {isa = PBXBuildFile; fileRef = 214ABCA9299D989C0083D125 /* LoginScreen.swift */; };
		214ABCAC299D9A920083D125 /* HomeScreen.swift in Sources */ = {isa = PBXBuildFile; fileRef = 214ABCAB299D9A920083D125 /* HomeScreen.swift */; };
		214ABCAF299DAE300083D125 /* LoginViewModel.swift in Sources */ = {isa = PBXBuildFile; fileRef = 214ABCAE299DAE300083D125 /* LoginViewModel.swift */; };
		214ABCB2299DAE970083D125 /* Models.swift in Sources */ = {isa = PBXBuildFile; fileRef = 214ABCB1299DAE970083D125 /* Models.swift */; };
		214ABCB4299DAF780083D125 /* HomeScreenViewModel.swift in Sources */ = {isa = PBXBuildFile; fileRef = 214ABCB3299DAF780083D125 /* HomeScreenViewModel.swift */; };
		214ABCB7299DB2D70083D125 /* ProfileViewModel.swift in Sources */ = {isa = PBXBuildFile; fileRef = 214ABCB6299DB2D70083D125 /* ProfileViewModel.swift */; };
		214ABCB9299DB4700083D125 /* FriendCell.swift in Sources */ = {isa = PBXBuildFile; fileRef = 214ABCB8299DB4700083D125 /* FriendCell.swift */; };
/* End PBXBuildFile section */

/* Begin PBXFileReference section */
		214ABC98299D986A0083D125 /* Erdos Technologies Interview.app */ = {isa = PBXFileReference; explicitFileType = wrapper.application; includeInIndex = 0; path = "Erdos Technologies Interview.app"; sourceTree = BUILT_PRODUCTS_DIR; };
		214ABC9B299D986A0083D125 /* Erdos_Technologies_InterviewApp.swift */ = {isa = PBXFileReference; lastKnownFileType = sourcecode.swift; path = Erdos_Technologies_InterviewApp.swift; sourceTree = "<group>"; };
		214ABC9D299D986A0083D125 /* ContentView.swift */ = {isa = PBXFileReference; lastKnownFileType = sourcecode.swift; path = ContentView.swift; sourceTree = "<group>"; };
		214ABC9F299D986C0083D125 /* Assets.xcassets */ = {isa = PBXFileReference; lastKnownFileType = folder.assetcatalog; path = Assets.xcassets; sourceTree = "<group>"; };
		214ABCA2299D986C0083D125 /* Preview Assets.xcassets */ = {isa = PBXFileReference; lastKnownFileType = folder.assetcatalog; path = "Preview Assets.xcassets"; sourceTree = "<group>"; };
		214ABCA9299D989C0083D125 /* LoginScreen.swift */ = {isa = PBXFileReference; lastKnownFileType = sourcecode.swift; path = LoginScreen.swift; sourceTree = "<group>"; };
		214ABCAB299D9A920083D125 /* HomeScreen.swift */ = {isa = PBXFileReference; lastKnownFileType = sourcecode.swift; path = HomeScreen.swift; sourceTree = "<group>"; };
		214ABCAE299DAE300083D125 /* LoginViewModel.swift */ = {isa = PBXFileReference; lastKnownFileType = sourcecode.swift; path = LoginViewModel.swift; sourceTree = "<group>"; };
		214ABCB1299DAE970083D125 /* Models.swift */ = {isa = PBXFileReference; lastKnownFileType = sourcecode.swift; path = Models.swift; sourceTree = "<group>"; };
		214ABCB3299DAF780083D125 /* HomeScreenViewModel.swift */ = {isa = PBXFileReference; lastKnownFileType = sourcecode.swift; path = HomeScreenViewModel.swift; sourceTree = "<group>"; };
		214ABCB6299DB2D70083D125 /* ProfileViewModel.swift */ = {isa = PBXFileReference; lastKnownFileType = sourcecode.swift; path = ProfileViewModel.swift; sourceTree = "<group>"; };
		214ABCB8299DB4700083D125 /* FriendCell.swift */ = {isa = PBXFileReference; lastKnownFileType = sourcecode.swift; path = FriendCell.swift; sourceTree = "<group>"; };
/* End PBXFileReference section */

/* Begin PBXFrameworksBuildPhase section */
		214ABC95299D986A0083D125 /* Frameworks */ = {
			isa = PBXFrameworksBuildPhase;
			buildActionMask = 2147483647;
			files = (
			);
			runOnlyForDeploymentPostprocessing = 0;
		};
/* End PBXFrameworksBuildPhase section */

/* Begin PBXGroup section */
		214ABC8F299D986A0083D125 = {
			isa = PBXGroup;
			children = (
				214ABC9A299D986A0083D125 /* Erdos Technologies Interview */,
				214ABC99299D986A0083D125 /* Products */,
			);
			sourceTree = "<group>";
		};
		214ABC99299D986A0083D125 /* Products */ = {
			isa = PBXGroup;
			children = (
				214ABC98299D986A0083D125 /* Erdos Technologies Interview.app */,
			);
			name = Products;
			sourceTree = "<group>";
		};
		214ABC9A299D986A0083D125 /* Erdos Technologies Interview */ = {
			isa = PBXGroup;
			children = (
				214ABCB5299DAF820083D125 /* Views */,
				214ABCB0299DAE880083D125 /* Models */,
				214ABCAD299DAE210083D125 /* View Models */,
				214ABC9B299D986A0083D125 /* Erdos_Technologies_InterviewApp.swift */,
				214ABC9D299D986A0083D125 /* ContentView.swift */,
				214ABC9F299D986C0083D125 /* Assets.xcassets */,
				214ABCA1299D986C0083D125 /* Preview Content */,
			);
			path = "Erdos Technologies Interview";
			sourceTree = "<group>";
		};
		214ABCA1299D986C0083D125 /* Preview Content */ = {
			isa = PBXGroup;
			children = (
				214ABCA2299D986C0083D125 /* Preview Assets.xcassets */,
			);
			path = "Preview Content";
			sourceTree = "<group>";
		};
		214ABCAD299DAE210083D125 /* View Models */ = {
			isa = PBXGroup;
			children = (
				214ABCAE299DAE300083D125 /* LoginViewModel.swift */,
				214ABCB3299DAF780083D125 /* HomeScreenViewModel.swift */,
				214ABCB6299DB2D70083D125 /* ProfileViewModel.swift */,
			);
			path = "View Models";
			sourceTree = "<group>";
		};
		214ABCB0299DAE880083D125 /* Models */ = {
			isa = PBXGroup;
			children = (
				214ABCB1299DAE970083D125 /* Models.swift */,
			);
			path = Models;
			sourceTree = "<group>";
		};
		214ABCB5299DAF820083D125 /* Views */ = {
			isa = PBXGroup;
			children = (
				214ABCAB299D9A920083D125 /* HomeScreen.swift */,
				214ABCA9299D989C0083D125 /* LoginScreen.swift */,
				214ABCB8299DB4700083D125 /* FriendCell.swift */,
			);
			path = Views;
			sourceTree = "<group>";
		};
/* End PBXGroup section */

/* Begin PBXNativeTarget section */
		214ABC97299D986A0083D125 /* Erdos Technologies Interview */ = {
			isa = PBXNativeTarget;
			buildConfigurationList = 214ABCA6299D986C0083D125 /* Build configuration list for PBXNativeTarget "Erdos Technologies Interview" */;
			buildPhases = (
				214ABC94299D986A0083D125 /* Sources */,
				214ABC95299D986A0083D125 /* Frameworks */,
				214ABC96299D986A0083D125 /* Resources */,
			);
			buildRules = (
			);
			dependencies = (
			);
			name = "Erdos Technologies Interview";
			productName = "Erdos Technologies Interview";
			productReference = 214ABC98299D986A0083D125 /* Erdos Technologies Interview.app */;
			productType = "com.apple.product-type.application";
		};
/* End PBXNativeTarget section */

/* Begin PBXProject section */
		214ABC90299D986A0083D125 /* Project object */ = {
			isa = PBXProject;
			attributes = {
				BuildIndependentTargetsInParallel = 1;
				LastSwiftUpdateCheck = 1420;
				LastUpgradeCheck = 1420;
				TargetAttributes = {
					214ABC97299D986A0083D125 = {
						CreatedOnToolsVersion = 14.2;
					};
				};
			};
			buildConfigurationList = 214ABC93299D986A0083D125 /* Build configuration list for PBXProject "Erdos Technologies Interview" */;
			compatibilityVersion = "Xcode 14.0";
			developmentRegion = en;
			hasScannedForEncodings = 0;
			knownRegions = (
				en,
				Base,
			);
			mainGroup = 214ABC8F299D986A0083D125;
			productRefGroup = 214ABC99299D986A0083D125 /* Products */;
			projectDirPath = "";
			projectRoot = "";
			targets = (
				214ABC97299D986A0083D125 /* Erdos Technologies Interview */,
			);
		};
/* End PBXProject section */

/* Begin PBXResourcesBuildPhase section */
		214ABC96299D986A0083D125 /* Resources */ = {
			isa = PBXResourcesBuildPhase;
			buildActionMask = 2147483647;
			files = (
				214ABCA3299D986C0083D125 /* Preview Assets.xcassets in Resources */,
				214ABCA0299D986C0083D125 /* Assets.xcassets in Resources */,
			);
			runOnlyForDeploymentPostprocessing = 0;
		};
/* End PBXResourcesBuildPhase section */

/* Begin PBXSourcesBuildPhase section */
		214ABC94299D986A0083D125 /* Sources */ = {
			isa = PBXSourcesBuildPhase;
			buildActionMask = 2147483647;
			files = (
				214ABC9E299D986A0083D125 /* ContentView.swift in Sources */,
				214ABC9C299D986A0083D125 /* Erdos_Technologies_InterviewApp.swift in Sources */,
				214ABCB4299DAF780083D125 /* HomeScreenViewModel.swift in Sources */,
				214ABCAA299D989C0083D125 /* LoginScreen.swift in Sources */,
				214ABCB9299DB4700083D125 /* FriendCell.swift in Sources */,
				214ABCB2299DAE970083D125 /* Models.swift in Sources */,
				214ABCAF299DAE300083D125 /* LoginViewModel.swift in Sources */,
				214ABCB7299DB2D70083D125 /* ProfileViewModel.swift in Sources */,
				214ABCAC299D9A920083D125 /* HomeScreen.swift in Sources */,
			);
			runOnlyForDeploymentPostprocessing = 0;
		};
/* End PBXSourcesBuildPhase section */

/* Begin XCBuildConfiguration section */
		214ABCA4299D986C0083D125 /* Debug */ = {
			isa = XCBuildConfiguration;
			buildSettings = {
				ALWAYS_SEARCH_USER_PATHS = NO;
				CLANG_ANALYZER_NONNULL = YES;
				CLANG_ANALYZER_NUMBER_OBJECT_CONVERSION = YES_AGGRESSIVE;
				CLANG_CXX_LANGUAGE_STANDARD = "gnu++20";
				CLANG_ENABLE_MODULES = YES;
				CLANG_ENABLE_OBJC_ARC = YES;
				CLANG_ENABLE_OBJC_WEAK = YES;
				CLANG_WARN_BLOCK_CAPTURE_AUTORELEASING = YES;
				CLANG_WARN_BOOL_CONVERSION = YES;
				CLANG_WARN_COMMA = YES;
				CLANG_WARN_CONSTANT_CONVERSION = YES;
				CLANG_WARN_DEPRECATED_OBJC_IMPLEMENTATIONS = YES;
				CLANG_WARN_DIRECT_OBJC_ISA_USAGE = YES_ERROR;
				CLANG_WARN_DOCUMENTATION_COMMENTS = YES;
				CLANG_WARN_EMPTY_BODY = YES;
				CLANG_WARN_ENUM_CONVERSION = YES;
				CLANG_WARN_INFINITE_RECURSION = YES;
				CLANG_WARN_INT_CONVERSION = YES;
				CLANG_WARN_NON_LITERAL_NULL_CONVERSION = YES;
				CLANG_WARN_OBJC_IMPLICIT_RETAIN_SELF = YES;
				CLANG_WARN_OBJC_LITERAL_CONVERSION = YES;
				CLANG_WARN_OBJC_ROOT_CLASS = YES_ERROR;
				CLANG_WARN_QUOTED_INCLUDE_IN_FRAMEWORK_HEADER = YES;
				CLANG_WARN_RANGE_LOOP_ANALYSIS = YES;
				CLANG_WARN_STRICT_PROTOTYPES = YES;
				CLANG_WARN_SUSPICIOUS_MOVE = YES;
				CLANG_WARN_UNGUARDED_AVAILABILITY = YES_AGGRESSIVE;
				CLANG_WARN_UNREACHABLE_CODE = YES;
				CLANG_WARN__DUPLICATE_METHOD_MATCH = YES;
				COPY_PHASE_STRIP = NO;
				DEBUG_INFORMATION_FORMAT = dwarf;
				ENABLE_STRICT_OBJC_MSGSEND = YES;
				ENABLE_TESTABILITY = YES;
				GCC_C_LANGUAGE_STANDARD = gnu11;
				GCC_DYNAMIC_NO_PIC = NO;
				GCC_NO_COMMON_BLOCKS = YES;
				GCC_OPTIMIZATION_LEVEL = 0;
				GCC_PREPROCESSOR_DEFINITIONS = (
					"DEBUG=1",
					"$(inherited)",
				);
				GCC_WARN_64_TO_32_BIT_CONVERSION = YES;
				GCC_WARN_ABOUT_RETURN_TYPE = YES_ERROR;
				GCC_WARN_UNDECLARED_SELECTOR = YES;
				GCC_WARN_UNINITIALIZED_AUTOS = YES_AGGRESSIVE;
				GCC_WARN_UNUSED_FUNCTION = YES;
				GCC_WARN_UNUSED_VARIABLE = YES;
				IPHONEOS_DEPLOYMENT_TARGET = 16.2;
				MTL_ENABLE_DEBUG_INFO = INCLUDE_SOURCE;
				MTL_FAST_MATH = YES;
				ONLY_ACTIVE_ARCH = YES;
				SDKROOT = iphoneos;
				SWIFT_ACTIVE_COMPILATION_CONDITIONS = DEBUG;
				SWIFT_OPTIMIZATION_LEVEL = "-Onone";
			};
			name = Debug;
		};
		214ABCA5299D986C0083D125 /* Release */ = {
			isa = XCBuildConfiguration;
			buildSettings = {
				ALWAYS_SEARCH_USER_PATHS = NO;
				CLANG_ANALYZER_NONNULL = YES;
				CLANG_ANALYZER_NUMBER_OBJECT_CONVERSION = YES_AGGRESSIVE;
				CLANG_CXX_LANGUAGE_STANDARD = "gnu++20";
				CLANG_ENABLE_MODULES = YES;
				CLANG_ENABLE_OBJC_ARC = YES;
				CLANG_ENABLE_OBJC_WEAK = YES;
				CLANG_WARN_BLOCK_CAPTURE_AUTORELEASING = YES;
				CLANG_WARN_BOOL_CONVERSION = YES;
				CLANG_WARN_COMMA = YES;
				CLANG_WARN_CONSTANT_CONVERSION = YES;
				CLANG_WARN_DEPRECATED_OBJC_IMPLEMENTATIONS = YES;
				CLANG_WARN_DIRECT_OBJC_ISA_USAGE = YES_ERROR;
				CLANG_WARN_DOCUMENTATION_COMMENTS = YES;
				CLANG_WARN_EMPTY_BODY = YES;
				CLANG_WARN_ENUM_CONVERSION = YES;
				CLANG_WARN_INFINITE_RECURSION = YES;
				CLANG_WARN_INT_CONVERSION = YES;
				CLANG_WARN_NON_LITERAL_NULL_CONVERSION = YES;
				CLANG_WARN_OBJC_IMPLICIT_RETAIN_SELF = YES;
				CLANG_WARN_OBJC_LITERAL_CONVERSION = YES;
				CLANG_WARN_OBJC_ROOT_CLASS = YES_ERROR;
				CLANG_WARN_QUOTED_INCLUDE_IN_FRAMEWORK_HEADER = YES;
				CLANG_WARN_RANGE_LOOP_ANALYSIS = YES;
				CLANG_WARN_STRICT_PROTOTYPES = YES;
				CLANG_WARN_SUSPICIOUS_MOVE = YES;
				CLANG_WARN_UNGUARDED_AVAILABILITY = YES_AGGRESSIVE;
				CLANG_WARN_UNREACHABLE_CODE = YES;
				CLANG_WARN__DUPLICATE_METHOD_MATCH = YES;
				COPY_PHASE_STRIP = NO;
				DEBUG_INFORMATION_FORMAT = "dwarf-with-dsym";
				ENABLE_NS_ASSERTIONS = NO;
				ENABLE_STRICT_OBJC_MSGSEND = YES;
				GCC_C_LANGUAGE_STANDARD = gnu11;
				GCC_NO_COMMON_BLOCKS = YES;
				GCC_WARN_64_TO_32_BIT_CONVERSION = YES;
				GCC_WARN_ABOUT_RETURN_TYPE = YES_ERROR;
				GCC_WARN_UNDECLARED_SELECTOR = YES;
				GCC_WARN_UNINITIALIZED_AUTOS = YES_AGGRESSIVE;
				GCC_WARN_UNUSED_FUNCTION = YES;
				GCC_WARN_UNUSED_VARIABLE = YES;
				IPHONEOS_DEPLOYMENT_TARGET = 16.2;
				MTL_ENABLE_DEBUG_INFO = NO;
				MTL_FAST_MATH = YES;
				SDKROOT = iphoneos;
				SWIFT_COMPILATION_MODE = wholemodule;
				SWIFT_OPTIMIZATION_LEVEL = "-O";
				VALIDATE_PRODUCT = YES;
			};
			name = Release;
		};
		214ABCA7299D986C0083D125 /* Debug */ = {
			isa = XCBuildConfiguration;
			buildSettings = {
				ASSETCATALOG_COMPILER_APPICON_NAME = AppIcon;
				ASSETCATALOG_COMPILER_GLOBAL_ACCENT_COLOR_NAME = AccentColor;
				CODE_SIGN_STYLE = Automatic;
				CURRENT_PROJECT_VERSION = 1;
				DEVELOPMENT_ASSET_PATHS = "\"Erdos Technologies Interview/Preview Content\"";
				DEVELOPMENT_TEAM = 7PWK7SKWKH;
				ENABLE_PREVIEWS = YES;
				GENERATE_INFOPLIST_FILE = YES;
				INFOPLIST_KEY_UIApplicationSceneManifest_Generation = YES;
				INFOPLIST_KEY_UIApplicationSupportsIndirectInputEvents = YES;
				INFOPLIST_KEY_UILaunchScreen_Generation = YES;
				INFOPLIST_KEY_UISupportedInterfaceOrientations_iPad = "UIInterfaceOrientationPortrait UIInterfaceOrientationPortraitUpsideDown UIInterfaceOrientationLandscapeLeft UIInterfaceOrientationLandscapeRight";
				INFOPLIST_KEY_UISupportedInterfaceOrientations_iPhone = "UIInterfaceOrientationPortrait UIInterfaceOrientationLandscapeLeft UIInterfaceOrientationLandscapeRight";
				LD_RUNPATH_SEARCH_PATHS = (
					"$(inherited)",
					"@executable_path/Frameworks",
				);
				MARKETING_VERSION = 1.0;
				PRODUCT_BUNDLE_IDENTIFIER = "com.billvivino.erdostechnologies.interview.Erdos-Technologies-Interview";
				PRODUCT_NAME = "$(TARGET_NAME)";
				SWIFT_EMIT_LOC_STRINGS = YES;
				SWIFT_VERSION = 5.0;
				TARGETED_DEVICE_FAMILY = "1,2";
			};
			name = Debug;
		};
		214ABCA8299D986C0083D125 /* Release */ = {
			isa = XCBuildConfiguration;
			buildSettings = {
				ASSETCATALOG_COMPILER_APPICON_NAME = AppIcon;
				ASSETCATALOG_COMPILER_GLOBAL_ACCENT_COLOR_NAME = AccentColor;
				CODE_SIGN_STYLE = Automatic;
				CURRENT_PROJECT_VERSION = 1;
				DEVELOPMENT_ASSET_PATHS = "\"Erdos Technologies Interview/Preview Content\"";
				DEVELOPMENT_TEAM = 7PWK7SKWKH;
				ENABLE_PREVIEWS = YES;
				GENERATE_INFOPLIST_FILE = YES;
				INFOPLIST_KEY_UIApplicationSceneManifest_Generation = YES;
				INFOPLIST_KEY_UIApplicationSupportsIndirectInputEvents = YES;
				INFOPLIST_KEY_UILaunchScreen_Generation = YES;
				INFOPLIST_KEY_UISupportedInterfaceOrientations_iPad = "UIInterfaceOrientationPortrait UIInterfaceOrientationPortraitUpsideDown UIInterfaceOrientationLandscapeLeft UIInterfaceOrientationLandscapeRight";
				INFOPLIST_KEY_UISupportedInterfaceOrientations_iPhone = "UIInterfaceOrientationPortrait UIInterfaceOrientationLandscapeLeft UIInterfaceOrientationLandscapeRight";
				LD_RUNPATH_SEARCH_PATHS = (
					"$(inherited)",
					"@executable_path/Frameworks",
				);
				MARKETING_VERSION = 1.0;
				PRODUCT_BUNDLE_IDENTIFIER = "com.billvivino.erdostechnologies.interview.Erdos-Technologies-Interview";
				PRODUCT_NAME = "$(TARGET_NAME)";
				SWIFT_EMIT_LOC_STRINGS = YES;
				SWIFT_VERSION = 5.0;
				TARGETED_DEVICE_FAMILY = "1,2";
			};
			name = Release;
		};
/* End XCBuildConfiguration section */

/* Begin XCConfigurationList section */
		214ABC93299D986A0083D125 /* Build configuration list for PBXProject "Erdos Technologies Interview" */ = {
			isa = XCConfigurationList;
			buildConfigurations = (
				214ABCA4299D986C0083D125 /* Debug */,
				214ABCA5299D986C0083D125 /* Release */,
			);
			defaultConfigurationIsVisible = 0;
			defaultConfigurationName = Release;
		};
		214ABCA6299D986C0083D125 /* Build configuration list for PBXNativeTarget "Erdos Technologies Interview" */ = {
			isa = XCConfigurationList;
			buildConfigurations = (
				214ABCA7299D986C0083D125 /* Debug */,
				214ABCA8299D986C0083D125 /* Release */,
			);
			defaultConfigurationIsVisible = 0;
			defaultConfigurationName = Release;
		};
/* End XCConfigurationList section */
	};
	rootObject = 214ABC90299D986A0083D125 /* Project object */;
}
